
Microsoft Visual Studio Solution File, Format Version 12.00
# Visual Studio 15
VisualStudioVersion = 15.0.28307.329
MinimumVisualStudioVersion = 10.0.40219.1
Project("{FAE04EC0-301F-11D3-BF4B-00C04F79EFBC}") = "SRTTestbed", "SRTTestbed.csproj", "{8DEC033C-B5B0-4B39-81D0-2130B52D5D14}"
EndProject
Global
	GlobalSection(SolutionConfigurationPlatforms) = preSolution
		Debug|Any CPU = Debug|Any CPU
		Release|Any CPU = Release|Any CPU
	EndGlobalSection
	GlobalSection(ProjectConfigurationPlatforms) = postSolution
		{8DEC033C-B5B0-4B39-81D0-2130B52D5D14}.Debug|Any CPU.ActiveCfg = Debug|Any CPU
		{8DEC033C-B5B0-4B39-81D0-2130B52D5D14}.Debug|Any CPU.Build.0 = Debug|Any CPU
		{8DEC033C-B5B0-4B39-81D0-2130B52D5D14}.Release|Any CPU.ActiveCfg = Release|Any CPU
		{8DEC033C-B5B0-4B39-81D0-2130B52D5D14}.Release|Any CPU.Build.0 = Release|Any CPU
	EndGlobalSection
	GlobalSection(SolutionProperties) = preSolution
		HideSolutionNode = FALSE
	EndGlobalSection
	GlobalSection(ExtensibilityGlobals) = postSolution
		SolutionGuid = {B586EAD4-90B4-4D33-84F6-D87FF48F1DE8}
	EndGlobalSection
EndGlobal
